
Microsoft Visual Studio Solution File, Format Version 12.00
# Visual Studio 15
VisualStudioVersion = 15.0.26730.15
MinimumVisualStudioVersion = 10.0.40219.1
Project("{FAE04EC0-301F-11D3-BF4B-00C04F79EFBC}") = "GamingInventory_V2", "GamingInventory_V2\GamingInventory_V2.csproj", "{4E846EC9-DB23-453A-96CF-67BE0C4E584C}"
EndProject
Global
	GlobalSection(SolutionConfigurationPlatforms) = preSolution
		Debug|Any CPU = Debug|Any CPU
		Release|Any CPU = Release|Any CPU
	EndGlobalSection
	GlobalSection(ProjectConfigurationPlatforms) = postSolution
		{4E846EC9-DB23-453A-96CF-67BE0C4E584C}.Debug|Any CPU.ActiveCfg = Debug|Any CPU
		{4E846EC9-DB23-453A-96CF-67BE0C4E584C}.Debug|Any CPU.Build.0 = Debug|Any CPU
		{4E846EC9-DB23-453A-96CF-67BE0C4E584C}.Release|Any CPU.ActiveCfg = Release|Any CPU
		{4E846EC9-DB23-453A-96CF-67BE0C4E584C}.Release|Any CPU.Build.0 = Release|Any CPU
	EndGlobalSection
	GlobalSection(SolutionProperties) = preSolution
		HideSolutionNode = FALSE
	EndGlobalSection
	GlobalSection(ExtensibilityGlobals) = postSolution
		SolutionGuid = {2A47E119-D862-4195-8927-3B5560266E3F}
	EndGlobalSection
EndGlobal
